
Microsoft Visual Studio Solution File, Format Version 12.00
# Visual Studio Version 17
VisualStudioVersion = 17.14.36327.8 d17.14
MinimumVisualStudioVersion = 10.0.40219.1
Project("{FAE04EC0-301F-11D3-BF4B-00C04F79EFBC}") = "PortofolioKazhuro", "PortofolioKazhuro\PortofolioKazhuro.csproj", "{EFF128AB-B605-4818-9702-5C42610670A7}"
EndProject
Global
	GlobalSection(SolutionConfigurationPlatforms) = preSolution
		Debug|Any CPU = Debug|Any CPU
		Release|Any CPU = Release|Any CPU
	EndGlobalSection
	GlobalSection(ProjectConfigurationPlatforms) = postSolution
		{EFF128AB-B605-4818-9702-5C42610670A7}.Debug|Any CPU.ActiveCfg = Debug|Any CPU
		{EFF128AB-B605-4818-9702-5C42610670A7}.Debug|Any CPU.Build.0 = Debug|Any CPU
		{EFF128AB-B605-4818-9702-5C42610670A7}.Release|Any CPU.ActiveCfg = Release|Any CPU
		{EFF128AB-B605-4818-9702-5C42610670A7}.Release|Any CPU.Build.0 = Release|Any CPU
	EndGlobalSection
	GlobalSection(SolutionProperties) = preSolution
		HideSolutionNode = FALSE
	EndGlobalSection
	GlobalSection(ExtensibilityGlobals) = postSolution
		SolutionGuid = {5EF3FD50-9259-41AA-AA57-EE294E55E2DA}
	EndGlobalSection
EndGlobal
